
Microsoft Visual Studio Solution File, Format Version 12.00
# Visual Studio 14
VisualStudioVersion = 14.0.25420.1
MinimumVisualStudioVersion = 10.0.40219.1
Project("{FAE04EC0-301F-11D3-BF4B-00C04F79EFBC}") = "RetailClientWinForm", "RetailClientWinForm\RetailClientWinForm.csproj", "{BBAEF10E-6016-490E-96F6-961BF45EF6B8}"
EndProject
Project("{FAE04EC0-301F-11D3-BF4B-00C04F79EFBC}") = "RetailBot", "RetailBot\RetailBot.csproj", "{A8BA1066-5695-4D71-ABB4-65E5A5E0C3D4}"
EndProject
Project("{FAE04EC0-301F-11D3-BF4B-00C04F79EFBC}") = "HumanInteraction", "HumanInteraction\HumanInteraction.csproj", "{2307AB4C-14E9-46AB-BFBA-64887100ABBA}"
EndProject
Global
	GlobalSection(SolutionConfigurationPlatforms) = preSolution
		Debug|Any CPU = Debug|Any CPU
		Debug|ARM = Debug|ARM
		Debug|x64 = Debug|x64
		Debug|x86 = Debug|x86
		Release|Any CPU = Release|Any CPU
		Release|ARM = Release|ARM
		Release|x64 = Release|x64
		Release|x86 = Release|x86
	EndGlobalSection
	GlobalSection(ProjectConfigurationPlatforms) = postSolution
		{BBAEF10E-6016-490E-96F6-961BF45EF6B8}.Debug|Any CPU.ActiveCfg = Debug|Any CPU
		{BBAEF10E-6016-490E-96F6-961BF45EF6B8}.Debug|Any CPU.Build.0 = Debug|Any CPU
		{BBAEF10E-6016-490E-96F6-961BF45EF6B8}.Debug|ARM.ActiveCfg = Debug|Any CPU
		{BBAEF10E-6016-490E-96F6-961BF45EF6B8}.Debug|ARM.Build.0 = Debug|Any CPU
		{BBAEF10E-6016-490E-96F6-961BF45EF6B8}.Debug|x64.ActiveCfg = Debug|Any CPU
		{BBAEF10E-6016-490E-96F6-961BF45EF6B8}.Debug|x64.Build.0 = Debug|Any CPU
		{BBAEF10E-6016-490E-96F6-961BF45EF6B8}.Debug|x86.ActiveCfg = Debug|Any CPU
		{BBAEF10E-6016-490E-96F6-961BF45EF6B8}.Debug|x86.Build.0 = Debug|Any CPU
		{BBAEF10E-6016-490E-96F6-961BF45EF6B8}.Release|Any CPU.ActiveCfg = Release|Any CPU
		{BBAEF10E-6016-490E-96F6-961BF45EF6B8}.Release|Any CPU.Build.0 = Release|Any CPU
		{BBAEF10E-6016-490E-96F6-961BF45EF6B8}.Release|ARM.ActiveCfg = Release|Any CPU
		{BBAEF10E-6016-490E-96F6-961BF45EF6B8}.Release|ARM.Build.0 = Release|Any CPU
		{BBAEF10E-6016-490E-96F6-961BF45EF6B8}.Release|x64.ActiveCfg = Release|Any CPU
		{BBAEF10E-6016-490E-96F6-961BF45EF6B8}.Release|x64.Build.0 = Release|Any CPU
		{BBAEF10E-6016-490E-96F6-961BF45EF6B8}.Release|x86.ActiveCfg = Release|Any CPU
		{BBAEF10E-6016-490E-96F6-961BF45EF6B8}.Release|x86.Build.0 = Release|Any CPU
		{A8BA1066-5695-4D71-ABB4-65E5A5E0C3D4}.Debug|Any CPU.ActiveCfg = Debug|Any CPU
		{A8BA1066-5695-4D71-ABB4-65E5A5E0C3D4}.Debug|Any CPU.Build.0 = Debug|Any CPU
		{A8BA1066-5695-4D71-ABB4-65E5A5E0C3D4}.Debug|ARM.ActiveCfg = Debug|Any CPU
		{A8BA1066-5695-4D71-ABB4-65E5A5E0C3D4}.Debug|ARM.Build.0 = Debug|Any CPU
		{A8BA1066-5695-4D71-ABB4-65E5A5E0C3D4}.Debug|x64.ActiveCfg = Debug|Any CPU
		{A8BA1066-5695-4D71-ABB4-65E5A5E0C3D4}.Debug|x64.Build.0 = Debug|Any CPU
		{A8BA1066-5695-4D71-ABB4-65E5A5E0C3D4}.Debug|x86.ActiveCfg = Debug|Any CPU
		{A8BA1066-5695-4D71-ABB4-65E5A5E0C3D4}.Debug|x86.Build.0 = Debug|Any CPU
		{A8BA1066-5695-4D71-ABB4-65E5A5E0C3D4}.Release|Any CPU.ActiveCfg = Release|Any CPU
		{A8BA1066-5695-4D71-ABB4-65E5A5E0C3D4}.Release|Any CPU.Build.0 = Release|Any CPU
		{A8BA1066-5695-4D71-ABB4-65E5A5E0C3D4}.Release|ARM.ActiveCfg = Release|Any CPU
		{A8BA1066-5695-4D71-ABB4-65E5A5E0C3D4}.Release|ARM.Build.0 = Release|Any CPU
		{A8BA1066-5695-4D71-ABB4-65E5A5E0C3D4}.Release|x64.ActiveCfg = Release|Any CPU
		{A8BA1066-5695-4D71-ABB4-65E5A5E0C3D4}.Release|x64.Build.0 = Release|Any CPU
		{A8BA1066-5695-4D71-ABB4-65E5A5E0C3D4}.Release|x86.ActiveCfg = Release|Any CPU
		{A8BA1066-5695-4D71-ABB4-65E5A5E0C3D4}.Release|x86.Build.0 = Release|Any CPU
		{2307AB4C-14E9-46AB-BFBA-64887100ABBA}.Debug|Any CPU.ActiveCfg = Debug|Any CPU
		{2307AB4C-14E9-46AB-BFBA-64887100ABBA}.Debug|Any CPU.Build.0 = Debug|Any CPU
		{2307AB4C-14E9-46AB-BFBA-64887100ABBA}.Debug|ARM.ActiveCfg = Debug|Any CPU
		{2307AB4C-14E9-46AB-BFBA-64887100ABBA}.Debug|ARM.Build.0 = Debug|Any CPU
		{2307AB4C-14E9-46AB-BFBA-64887100ABBA}.Debug|x64.ActiveCfg = Debug|Any CPU
		{2307AB4C-14E9-46AB-BFBA-64887100ABBA}.Debug|x64.Build.0 = Debug|Any CPU
		{2307AB4C-14E9-46AB-BFBA-64887100ABBA}.Debug|x86.ActiveCfg = Debug|Any CPU
		{2307AB4C-14E9-46AB-BFBA-64887100ABBA}.Debug|x86.Build.0 = Debug|Any CPU
		{2307AB4C-14E9-46AB-BFBA-64887100ABBA}.Release|Any CPU.ActiveCfg = Release|Any CPU
		{2307AB4C-14E9-46AB-BFBA-64887100ABBA}.Release|Any CPU.Build.0 = Release|Any CPU
		{2307AB4C-14E9-46AB-BFBA-64887100ABBA}.Release|ARM.ActiveCfg = Release|Any CPU
		{2307AB4C-14E9-46AB-BFBA-64887100ABBA}.Release|ARM.Build.0 = Release|Any CPU
		{2307AB4C-14E9-46AB-BFBA-64887100ABBA}.Release|x64.ActiveCfg = Release|Any CPU
		{2307AB4C-14E9-46AB-BFBA-64887100ABBA}.Release|x64.Build.0 = Release|Any CPU
		{2307AB4C-14E9-46AB-BFBA-64887100ABBA}.Release|x86.ActiveCfg = Release|Any CPU
		{2307AB4C-14E9-46AB-BFBA-64887100ABBA}.Release|x86.Build.0 = Release|Any CPU
	EndGlobalSection
	GlobalSection(SolutionProperties) = preSolution
		HideSolutionNode = FALSE
	EndGlobalSection
EndGlobal
